{
  "projects": [
    {
      "projectId": "r3ASNrnyvLLLAtDvzUioQ",
      "version": "3.15.0",
      "dependencies": {},
      "lang": "js",
      "fileLocks": [
        {
          "assetId": "r3ASNrnyvLLLAtDvzUioQ",
          "type": "projectCss",
          "checksum": "97ec772be5160e37b26814fd84fdccb9"
        }
      ],
      "codegenVersion": "0.0.1"
    },
    {
      "projectId": "hjKYmYi6HMwK6TRyk7ew5R",
      "version": "6.20.0",
      "dependencies": {},
      "lang": "js",
      "fileLocks": [
        {
          "assetId": "hjKYmYi6HMwK6TRyk7ew5R",
          "type": "projectCss",
          "checksum": "e76cee85e96cb3fff580d5552a47cfe4"
        },
        {
          "assetId": "hjKYmYi6HMwK6TRyk7ew5R",
          "checksum": "812fdf26bc85a5e0d100a76859d3ee26",
          "type": "globalContexts"
        }
      ],
      "codegenVersion": "0.0.1"
    },
    {
      "projectId": "ohDidvG9XsCeFumugENU3J",
      "version": "4.6.0",
      "dependencies": {},
      "lang": "js",
      "fileLocks": [
        {
          "assetId": "ohDidvG9XsCeFumugENU3J",
          "checksum": "8f45a75070e2f0edc34a4dc3d5f6b736",
          "type": "globalContexts"
        },
        {
          "assetId": "ohDidvG9XsCeFumugENU3J",
          "type": "projectCss",
          "checksum": "fd83b730367fdbde2c69bc6cf31c2a3c"
        }
      ],
      "codegenVersion": "0.0.1"
    },
    {
      "projectId": "kmmGrmCVRJPgZ5NNJMDQ4v",
      "version": "0.16.0",
      "dependencies": {},
      "lang": "js",
      "fileLocks": [
        {
          "assetId": "kmmGrmCVRJPgZ5NNJMDQ4v",
          "type": "projectCss",
          "checksum": "dd353f09fbdedf2e1c1db4ee86664b82"
        },
        {
          "assetId": "kmmGrmCVRJPgZ5NNJMDQ4v",
          "checksum": "6f481a4d31f5b4ae5e42a82231055e5d",
          "type": "globalContexts"
        }
      ],
      "codegenVersion": "0.0.1"
    },
    {
      "projectId": "7nJ7UcFmq9UzB6eXfC5z4a",
      "version": "0.17.0",
      "dependencies": {},
      "lang": "js",
      "fileLocks": [
        {
          "assetId": "7nJ7UcFmq9UzB6eXfC5z4a",
          "type": "projectCss",
          "checksum": "05587b57f22f0ec8bb54543deb39762e"
        }
      ],
      "codegenVersion": "0.0.1"
    },
    {
      "projectId": "oGQcGtbFzYohLFbpGrRxL3",
      "version": "latest",
      "dependencies": {
        "7nJ7UcFmq9UzB6eXfC5z4a": "0.17.0",
        "kmmGrmCVRJPgZ5NNJMDQ4v": "0.16.0",
        "ohDidvG9XsCeFumugENU3J": "4.6.0",
        "hjKYmYi6HMwK6TRyk7ew5R": "6.20.0",
        "r3ASNrnyvLLLAtDvzUioQ": "3.15.0",
        "jkU633o1Cz7HrJdwdxhVHk": "15.1.0"
      },
      "lang": "js",
      "fileLocks": [
        {
          "type": "globalVariant",
          "assetId": "bmXrKIWBOIVDW",
          "checksum": "748b7020b9c4b4a9d219688c35efea0b"
        },
        {
          "type": "globalVariant",
          "assetId": "P7fKQkpYI7",
          "checksum": "163304775438ac9734e95cd265fe50d1"
        },
        {
          "assetId": "oGQcGtbFzYohLFbpGrRxL3",
          "checksum": "15e0a65cd38797182cf2c798d37d6b92",
          "type": "globalContexts"
        },
        {
          "type": "renderModule",
          "assetId": "Ybl9MM68MVSW",
          "checksum": "4b897988940d480dd7b47ef629f25665"
        },
        {
          "type": "cssRules",
          "assetId": "Ybl9MM68MVSW",
          "checksum": "4b897988940d480dd7b47ef629f25665"
        },
        {
          "type": "renderModule",
          "assetId": "NaO7GDEY89",
          "checksum": "f0fb5205225afac474fd4ef48cb1fb42"
        },
        {
          "type": "cssRules",
          "assetId": "NaO7GDEY89",
          "checksum": "f0fb5205225afac474fd4ef48cb1fb42"
        },
        {
          "type": "renderModule",
          "assetId": "e1ZoCU6W1V",
          "checksum": "da885c11673a1ddee8067629f5286db0"
        },
        {
          "type": "cssRules",
          "assetId": "e1ZoCU6W1V",
          "checksum": "da885c11673a1ddee8067629f5286db0"
        },
        {
          "type": "renderModule",
          "assetId": "puKm7ksVLVR",
          "checksum": "2e60349c0565fc2723de5d6fca2f33a4"
        },
        {
          "type": "cssRules",
          "assetId": "puKm7ksVLVR",
          "checksum": "2e60349c0565fc2723de5d6fca2f33a4"
        },
        {
          "type": "renderModule",
          "assetId": "s6BAdvu7gu",
          "checksum": "90579d0d9b9bf66dae8b93115e67daa6"
        },
        {
          "type": "cssRules",
          "assetId": "s6BAdvu7gu",
          "checksum": "90579d0d9b9bf66dae8b93115e67daa6"
        },
        {
          "type": "renderModule",
          "assetId": "RdHlrJ1IAu",
          "checksum": "146d289072040285304b2e0b7b99b17f"
        },
        {
          "type": "cssRules",
          "assetId": "RdHlrJ1IAu",
          "checksum": "146d289072040285304b2e0b7b99b17f"
        },
        {
          "type": "renderModule",
          "assetId": "6NjpMkUH8g-",
          "checksum": "e73c31e928545376eeb22c9cb25a4434"
        },
        {
          "type": "cssRules",
          "assetId": "6NjpMkUH8g-",
          "checksum": "e73c31e928545376eeb22c9cb25a4434"
        },
        {
          "type": "renderModule",
          "assetId": "F3vIIsFda1",
          "checksum": "5208b7d9686bd5a96b5caf609d84b894"
        },
        {
          "type": "cssRules",
          "assetId": "F3vIIsFda1",
          "checksum": "5208b7d9686bd5a96b5caf609d84b894"
        },
        {
          "type": "renderModule",
          "assetId": "m0O9QXIre9",
          "checksum": "1a33544923a3bb43260b5459107f0a2a"
        },
        {
          "type": "cssRules",
          "assetId": "m0O9QXIre9",
          "checksum": "1a33544923a3bb43260b5459107f0a2a"
        },
        {
          "type": "renderModule",
          "assetId": "Ba2YaKrrpo",
          "checksum": "df924885d4d03686917e930081ab2f6e"
        },
        {
          "type": "cssRules",
          "assetId": "Ba2YaKrrpo",
          "checksum": "df924885d4d03686917e930081ab2f6e"
        },
        {
          "type": "renderModule",
          "assetId": "3-6KTLpsgf",
          "checksum": "20c669f22f138dc8bb8b76fd0288b683"
        },
        {
          "type": "cssRules",
          "assetId": "3-6KTLpsgf",
          "checksum": "20c669f22f138dc8bb8b76fd0288b683"
        },
        {
          "type": "renderModule",
          "assetId": "YhPmwoX5SH",
          "checksum": "af14fea723cf5f18bfaefa49b955012b"
        },
        {
          "type": "cssRules",
          "assetId": "YhPmwoX5SH",
          "checksum": "af14fea723cf5f18bfaefa49b955012b"
        },
        {
          "type": "renderModule",
          "assetId": "m9dN1MVLM6",
          "checksum": "53c12b4ee5b84bb3261b799bbdeff8c3"
        },
        {
          "type": "cssRules",
          "assetId": "m9dN1MVLM6",
          "checksum": "53c12b4ee5b84bb3261b799bbdeff8c3"
        },
        {
          "type": "icon",
          "assetId": "ARaGWbusD",
          "checksum": "4b0ef91aef755bb1df09568ded55b043"
        },
        {
          "type": "icon",
          "assetId": "54fgFiIVv2",
          "checksum": "51bd255b3ac57eea65fcb72d8cd1e1f4"
        },
        {
          "type": "icon",
          "assetId": "FvtAmqf4DD",
          "checksum": "5d025b5e5d89cab56334c25a53d89601"
        },
        {
          "type": "icon",
          "assetId": "Af8W2fKOCs",
          "checksum": "6650789b4484a4e1e2440a38df4ad590"
        },
        {
          "type": "icon",
          "assetId": "vTWh1pCPXu",
          "checksum": "27fbe13222320b7ed4fe9f9607ac55aa"
        },
        {
          "type": "icon",
          "assetId": "m2ezYW9JIc",
          "checksum": "259670c100efc236a06a7cdf464ba8c0"
        },
        {
          "type": "icon",
          "assetId": "PqQwYULlsQ",
          "checksum": "32223ca4819994f32b3f6a2082279ea4"
        },
        {
          "type": "icon",
          "assetId": "fcoms_diEDe",
          "checksum": "57aa526f74440e543232d1c75c184399"
        },
        {
          "type": "icon",
          "assetId": "3EnnKuvE8Es",
          "checksum": "6c94fd4acb8e18469753bb84cca310c5"
        },
        {
          "type": "icon",
          "assetId": "jioqPss8S",
          "checksum": "7836446df51a46b3fddc6ea73892eff4"
        },
        {
          "type": "icon",
          "assetId": "_ML9L86z7M",
          "checksum": "34c7fe9b1b651b170bf03c4beacf6319"
        },
        {
          "type": "icon",
          "assetId": "SsHUxMu660",
          "checksum": "7ae237a5d95a4276d5a2b04f1fe62e5d"
        },
        {
          "type": "icon",
          "assetId": "Lv8Znu3CNG",
          "checksum": "5f39516ce36e0c4aebc9dfd67fb82585"
        },
        {
          "type": "icon",
          "assetId": "OY1KSwwKNC",
          "checksum": "b5ca0f24d11210dbb16e6920d842dff1"
        },
        {
          "type": "icon",
          "assetId": "bHHCIj0oV",
          "checksum": "6134b264639d767bf39303590dd3392a"
        },
        {
          "type": "icon",
          "assetId": "9WqpIBpt3K",
          "checksum": "6e376674e13fd5f16d63eaf5b2c3171c"
        },
        {
          "type": "icon",
          "assetId": "kpU_nZgOJW",
          "checksum": "c6d8d84667f1759755c7666d722fd01d"
        },
        {
          "type": "icon",
          "assetId": "-XIeFpLboO",
          "checksum": "67854222e9c2fb25c30a256a3e1608a3"
        },
        {
          "type": "icon",
          "assetId": "2w8-9uBSES",
          "checksum": "128fdac26584857226d1bd0c501d9c67"
        },
        {
          "type": "icon",
          "assetId": "5zaaodNA-j",
          "checksum": "e12f467e52e6fd771ba6c3ccf13e0d6c"
        },
        {
          "type": "icon",
          "assetId": "PfPBwXScCL",
          "checksum": "2233e861c892be0a428da95cbd1817a0"
        },
        {
          "type": "icon",
          "assetId": "uM0UfxiiLg",
          "checksum": "12358a9dc4ac69a98b599d993b9bd8f9"
        },
        {
          "type": "icon",
          "assetId": "b3IC_eiOwR",
          "checksum": "8638a14e49b3907416a71bfb1e2a533e"
        },
        {
          "type": "icon",
          "assetId": "1Aov_gh-ME",
          "checksum": "236c9fcd0bb5855928462a04b37a855e"
        },
        {
          "type": "icon",
          "assetId": "4byTu4Is8",
          "checksum": "7973092b1e68589ebe831878db6fe5ac"
        },
        {
          "type": "icon",
          "assetId": "ZFatQPHDzg",
          "checksum": "26d4621d3559736bff2716d85ed156d2"
        },
        {
          "type": "icon",
          "assetId": "6-caiXs_Q5",
          "checksum": "05500a11c4a1dbfce00ce56692753ff7"
        },
        {
          "type": "icon",
          "assetId": "PcFk174NMj",
          "checksum": "952c6fe61c982eb79a312a53f5be6d33"
        },
        {
          "type": "icon",
          "assetId": "II4CvDQeE0",
          "checksum": "1c9b3e32dfa406a340d07eea386f24b6"
        },
        {
          "type": "icon",
          "assetId": "iPsMxTJ0PS",
          "checksum": "e257b722ea1811c4773bb6ed73b96f3a"
        },
        {
          "type": "icon",
          "assetId": "lBDlZ1FMhR",
          "checksum": "2954b365cafde4bfb17a4cc3e632547f"
        },
        {
          "type": "image",
          "assetId": "mSbh-K_ZZa",
          "checksum": "e8c7bc918bf4759c7c50c9aee80f6442"
        },
        {
          "type": "image",
          "assetId": "B5_g8tSvIL",
          "checksum": "6d0beb0db22dadb6361493f4c11a89b9"
        },
        {
          "type": "image",
          "assetId": "xScDVn-NT",
          "checksum": "e72d91b37794181ed71f8312b9befe9b"
        },
        {
          "type": "image",
          "assetId": "6w6DQyfAv",
          "checksum": "2ef6fdd1615aa9f96662a6d3b63dcae6"
        },
        {
          "type": "image",
          "assetId": "bYwskdO8_",
          "checksum": "1e62bfb65fd791b2385f133a128d198d"
        },
        {
          "type": "image",
          "assetId": "8JR49v1G2W",
          "checksum": "f6eec9a61f70e7ca66db322792134e28"
        },
        {
          "type": "image",
          "assetId": "JI-9CIeP5G",
          "checksum": "fbc11703892cd912c30e2fa7624fd7f7"
        },
        {
          "type": "image",
          "assetId": "fe6oYxri2B",
          "checksum": "310fbbdd1e212a87d729880c238f0c2d"
        },
        {
          "type": "image",
          "assetId": "SEpKCrTHi0",
          "checksum": "3b20a0a41a860bf96fc7143e7f61862c"
        },
        {
          "type": "image",
          "assetId": "oVybxATEP",
          "checksum": "1343c19a2e2744cdb982d614b2bcf440"
        },
        {
          "type": "image",
          "assetId": "5_3NCxLRcA",
          "checksum": "8d675dc80f1814ef219a153e17b56ce9"
        },
        {
          "type": "image",
          "assetId": "HvPQaGEjAa",
          "checksum": "9ee2c666f2c47c2dd8ff738857ba88e6"
        },
        {
          "type": "image",
          "assetId": "eIacBx8itx",
          "checksum": "1deb35c9d08bb5a8884a942548cca945"
        },
        {
          "type": "image",
          "assetId": "UMkNDbIWC",
          "checksum": "db9d01652c67c19a638181ae3f1c101b"
        },
        {
          "type": "image",
          "assetId": "EepSE_294",
          "checksum": "ac3936c8c728aded894af27429695794"
        },
        {
          "type": "image",
          "assetId": "uKnFhe8-Sm",
          "checksum": "b2b1f6da90b152f43cce0286aa3c2de4"
        },
        {
          "type": "image",
          "assetId": "VBQOLViFb4",
          "checksum": "68eb4307cac41b23822f5594bac18f78"
        },
        {
          "type": "image",
          "assetId": "s6Vvy9XitL",
          "checksum": "6a0f8438266f6e14982525b1307aff4d"
        },
        {
          "type": "image",
          "assetId": "3vY3ttAsyM",
          "checksum": "a08def3e743c99a94dee54f9c328adcc"
        },
        {
          "type": "image",
          "assetId": "b4TOO4vU6k",
          "checksum": "87f41b0d2b34ecc17bd00680e0b24cc6"
        },
        {
          "type": "image",
          "assetId": "I2hcGaxO_C",
          "checksum": "99819dc9cc7204cd1533dd2c5cd88ad3"
        },
        {
          "type": "image",
          "assetId": "_afK28rv9",
          "checksum": "6e2cbd8d30fd65e44dc7875e03fe1922"
        },
        {
          "type": "image",
          "assetId": "3kkebjjT7M",
          "checksum": "6bf8c644be99a991f6826a7b861d3d03"
        },
        {
          "type": "image",
          "assetId": "RLU3MExVc8",
          "checksum": "5506107027d7d7195bedfe8cea199c0b"
        },
        {
          "type": "image",
          "assetId": "u-Ou0v8fL",
          "checksum": "68cfd0a247dd404a4cef8256ce9074d5"
        },
        {
          "type": "image",
          "assetId": "9FOCla8lUi",
          "checksum": "2e8b21ecacb159b9f0cec597098f888f"
        },
        {
          "type": "image",
          "assetId": "9HpPNnZJzR",
          "checksum": "57b5c241ef1ef72549a95b9b6ed614cd"
        },
        {
          "type": "image",
          "assetId": "c28AOdXBlU",
          "checksum": "94a979641dbe440c21dc9b2f73788480"
        },
        {
          "type": "image",
          "assetId": "ka9YbdU2j",
          "checksum": "595d87a3eab127f818266cc9aa08369d"
        },
        {
          "type": "image",
          "assetId": "82lwB8yii",
          "checksum": "0fd5ba3474083b31e9baa57d0bc55a8e"
        },
        {
          "type": "image",
          "assetId": "r4IkxbpYcS",
          "checksum": "226241559f891eb8aacfeb167238f0d7"
        },
        {
          "type": "image",
          "assetId": "cpDWjGSNP",
          "checksum": "46a1fabc6cd38b89b2887ae3f7ba254f"
        },
        {
          "type": "renderModule",
          "assetId": "Vimgk9fhCxL",
          "checksum": "80845848ff9539e000c266c53d853889"
        },
        {
          "type": "cssRules",
          "assetId": "Vimgk9fhCxL",
          "checksum": "80845848ff9539e000c266c53d853889"
        },
        {
          "type": "icon",
          "assetId": "JxqYggj-4N5",
          "checksum": "deb7836b12dbba308850df43c6d42aa1"
        },
        {
          "type": "renderModule",
          "assetId": "57U47AHaSk",
          "checksum": "b3f594b1e93d81df9efb6c3300467115"
        },
        {
          "type": "cssRules",
          "assetId": "57U47AHaSk",
          "checksum": "b3f594b1e93d81df9efb6c3300467115"
        },
        {
          "type": "image",
          "assetId": "6Tx8Sy_E9",
          "checksum": "afc8ae2de3411d272847464992a88c06"
        },
        {
          "type": "renderModule",
          "assetId": "QWIxmkximS",
          "checksum": "3a5ac1e56ed83ab1b7c4ef243bebc53f"
        },
        {
          "type": "cssRules",
          "assetId": "QWIxmkximS",
          "checksum": "3a5ac1e56ed83ab1b7c4ef243bebc53f"
        },
        {
          "type": "renderModule",
          "assetId": "-xDmv7pDDD",
          "checksum": "5123233b5c15f0a08e62224cd13c8fa4"
        },
        {
          "type": "cssRules",
          "assetId": "-xDmv7pDDD",
          "checksum": "5123233b5c15f0a08e62224cd13c8fa4"
        },
        {
          "type": "renderModule",
          "assetId": "cvPYn_MPiK",
          "checksum": "e4deae8cee28f899a9f1a5f91c28d847"
        },
        {
          "type": "cssRules",
          "assetId": "cvPYn_MPiK",
          "checksum": "e4deae8cee28f899a9f1a5f91c28d847"
        },
        {
          "type": "image",
          "assetId": "9FrOBINP_",
          "checksum": "90df0cf404f8d50d958324a649a776d3"
        },
        {
          "type": "image",
          "assetId": "dmzApzvMx",
          "checksum": "c9e9585268d7a64f75c863c0991a632d"
        },
        {
          "type": "image",
          "assetId": "9sSoSMzrZ",
          "checksum": "549f9f7b7839c8e548d43f4c4368c02f"
        },
        {
          "assetId": "oGQcGtbFzYohLFbpGrRxL3",
          "type": "projectCss",
          "checksum": "86843c20a4478e7a39308d5d690b85b7"
        },
        {
          "type": "image",
          "assetId": "YAKjFMsqF",
          "checksum": "6631a0019a9e0daf1e11d5fdf1b87184"
        }
      ],
      "codegenVersion": "0.0.1"
    },
    {
      "projectId": "jkU633o1Cz7HrJdwdxhVHk",
      "version": "15.1.0",
      "dependencies": {},
      "lang": "js",
      "fileLocks": [
        {
          "assetId": "jkU633o1Cz7HrJdwdxhVHk",
          "type": "projectCss",
          "checksum": "e1ec850476829c38b0f9b6d4f7ac446a"
        }
      ],
      "codegenVersion": "0.0.1"
    }
  ],
  "cliVersion": "0.1.286"
}
